
Microsoft Visual Studio Solution File, Format Version 12.00
# Visual Studio Version 16
VisualStudioVersion = 16.0.31402.337
MinimumVisualStudioVersion = 10.0.40219.1
Project("{9A19103F-16F7-4668-BE54-9A1E7A4F7556}") = "ASP.NET-Core-Project-Online-Shop", "ASP.NET-Core-Project-Online-Shop.csproj", "{87CB0383-7DCE-4F0B-8311-A20FFBEED57B}"
EndProject
Project("{FAE04EC0-301F-11D3-BF4B-00C04F79EFBC}") = "OnlineCosmericShop.Test", "..\OnlineCosmericShop.Test\OnlineCosmericShop.Test.csproj", "{30CC8355-B449-451B-9DEB-E8A8492B00EF}"
EndProject
Global
	GlobalSection(SolutionConfigurationPlatforms) = preSolution
		Debug|Any CPU = Debug|Any CPU
		Release|Any CPU = Release|Any CPU
	EndGlobalSection
	GlobalSection(ProjectConfigurationPlatforms) = postSolution
		{87CB0383-7DCE-4F0B-8311-A20FFBEED57B}.Debug|Any CPU.ActiveCfg = Debug|Any CPU
		{87CB0383-7DCE-4F0B-8311-A20FFBEED57B}.Debug|Any CPU.Build.0 = Debug|Any CPU
		{87CB0383-7DCE-4F0B-8311-A20FFBEED57B}.Release|Any CPU.ActiveCfg = Release|Any CPU
		{87CB0383-7DCE-4F0B-8311-A20FFBEED57B}.Release|Any CPU.Build.0 = Release|Any CPU
		{30CC8355-B449-451B-9DEB-E8A8492B00EF}.Debug|Any CPU.ActiveCfg = Debug|Any CPU
		{30CC8355-B449-451B-9DEB-E8A8492B00EF}.Debug|Any CPU.Build.0 = Debug|Any CPU
		{30CC8355-B449-451B-9DEB-E8A8492B00EF}.Release|Any CPU.ActiveCfg = Release|Any CPU
		{30CC8355-B449-451B-9DEB-E8A8492B00EF}.Release|Any CPU.Build.0 = Release|Any CPU
	EndGlobalSection
	GlobalSection(SolutionProperties) = preSolution
		HideSolutionNode = FALSE
	EndGlobalSection
	GlobalSection(ExtensibilityGlobals) = postSolution
		SolutionGuid = {CBCB6910-AEED-405F-9427-0D532876FDAD}
	EndGlobalSection
EndGlobal
